
Microsoft Visual Studio Solution File, Format Version 12.00
# Visual Studio Version 17
VisualStudioVersion = 17.10.35122.118
MinimumVisualStudioVersion = 10.0.40219.1
Project("{FAE04EC0-301F-11D3-BF4B-00C04F79EFBC}") = "02_TaskManager", "02_TaskManager\02_TaskManager.csproj", "{E67FA450-0368-4125-96A3-02CFD719440A}"
EndProject
Project("{FAE04EC0-301F-11D3-BF4B-00C04F79EFBC}") = "03_Threads_01", "03_Threads_01\03_Threads_01.csproj", "{041A99F1-CD05-4F15-965C-50635E270D4E}"
EndProject
Project("{FAE04EC0-301F-11D3-BF4B-00C04F79EFBC}") = "03_Threads_02", "03_Threads_02\03_Threads_02.csproj", "{58B8BA45-1D45-4DCC-A8D7-BFA08CD655B2}"
EndProject
Project("{FAE04EC0-301F-11D3-BF4B-00C04F79EFBC}") = "04_Thread_Sync", "04_Thread_Sync\04_Thread_Sync.csproj", "{6ADDA013-982A-4650-8AE9-0A8D7B8BDE83}"
EndProject
Project("{FAE04EC0-301F-11D3-BF4B-00C04F79EFBC}") = "05_Tasks", "05_Tasks\05_Tasks.csproj", "{A648E2F8-6C08-4187-9A89-49DDD7063FCA}"
EndProject
Project("{FAE04EC0-301F-11D3-BF4B-00C04F79EFBC}") = "06_Async-Await", "06_Async-Await\06_Async-Await.csproj", "{73967693-3E92-496B-BD75-1383DBEE5D54}"
EndProject
Global
	GlobalSection(SolutionConfigurationPlatforms) = preSolution
		Debug|Any CPU = Debug|Any CPU
		Release|Any CPU = Release|Any CPU
	EndGlobalSection
	GlobalSection(ProjectConfigurationPlatforms) = postSolution
		{E67FA450-0368-4125-96A3-02CFD719440A}.Debug|Any CPU.ActiveCfg = Debug|Any CPU
		{E67FA450-0368-4125-96A3-02CFD719440A}.Debug|Any CPU.Build.0 = Debug|Any CPU
		{E67FA450-0368-4125-96A3-02CFD719440A}.Release|Any CPU.ActiveCfg = Release|Any CPU
		{E67FA450-0368-4125-96A3-02CFD719440A}.Release|Any CPU.Build.0 = Release|Any CPU
		{041A99F1-CD05-4F15-965C-50635E270D4E}.Debug|Any CPU.ActiveCfg = Debug|Any CPU
		{041A99F1-CD05-4F15-965C-50635E270D4E}.Debug|Any CPU.Build.0 = Debug|Any CPU
		{041A99F1-CD05-4F15-965C-50635E270D4E}.Release|Any CPU.ActiveCfg = Release|Any CPU
		{041A99F1-CD05-4F15-965C-50635E270D4E}.Release|Any CPU.Build.0 = Release|Any CPU
		{58B8BA45-1D45-4DCC-A8D7-BFA08CD655B2}.Debug|Any CPU.ActiveCfg = Debug|Any CPU
		{58B8BA45-1D45-4DCC-A8D7-BFA08CD655B2}.Debug|Any CPU.Build.0 = Debug|Any CPU
		{58B8BA45-1D45-4DCC-A8D7-BFA08CD655B2}.Release|Any CPU.ActiveCfg = Release|Any CPU
		{58B8BA45-1D45-4DCC-A8D7-BFA08CD655B2}.Release|Any CPU.Build.0 = Release|Any CPU
		{6ADDA013-982A-4650-8AE9-0A8D7B8BDE83}.Debug|Any CPU.ActiveCfg = Debug|Any CPU
		{6ADDA013-982A-4650-8AE9-0A8D7B8BDE83}.Debug|Any CPU.Build.0 = Debug|Any CPU
		{6ADDA013-982A-4650-8AE9-0A8D7B8BDE83}.Release|Any CPU.ActiveCfg = Release|Any CPU
		{6ADDA013-982A-4650-8AE9-0A8D7B8BDE83}.Release|Any CPU.Build.0 = Release|Any CPU
		{A648E2F8-6C08-4187-9A89-49DDD7063FCA}.Debug|Any CPU.ActiveCfg = Debug|Any CPU
		{A648E2F8-6C08-4187-9A89-49DDD7063FCA}.Debug|Any CPU.Build.0 = Debug|Any CPU
		{A648E2F8-6C08-4187-9A89-49DDD7063FCA}.Release|Any CPU.ActiveCfg = Release|Any CPU
		{A648E2F8-6C08-4187-9A89-49DDD7063FCA}.Release|Any CPU.Build.0 = Release|Any CPU
		{73967693-3E92-496B-BD75-1383DBEE5D54}.Debug|Any CPU.ActiveCfg = Debug|Any CPU
		{73967693-3E92-496B-BD75-1383DBEE5D54}.Debug|Any CPU.Build.0 = Debug|Any CPU
		{73967693-3E92-496B-BD75-1383DBEE5D54}.Release|Any CPU.ActiveCfg = Release|Any CPU
		{73967693-3E92-496B-BD75-1383DBEE5D54}.Release|Any CPU.Build.0 = Release|Any CPU
	EndGlobalSection
	GlobalSection(SolutionProperties) = preSolution
		HideSolutionNode = FALSE
	EndGlobalSection
	GlobalSection(ExtensibilityGlobals) = postSolution
		SolutionGuid = {4B326812-8E99-4135-B5EE-B6944C2D7F06}
	EndGlobalSection
EndGlobal
